
Microsoft Visual Studio Solution File, Format Version 12.00
# Visual Studio Version 16
VisualStudioVersion = 16.0.29709.97
MinimumVisualStudioVersion = 10.0.40219.1
Project("{8BC9CEB8-8B4A-11D0-8D11-00A0C91BC942}") = "classses-pkgeorigev", "classses-pkgeorigev\classses-pkgeorigev.vcxproj", "{AE2130C3-B22F-474D-A612-948CFF5187CB}"
EndProject
Project("{8BC9CEB8-8B4A-11D0-8D11-00A0C91BC942}") = "classes-emmateva18", "classes-emmateva18\classes-emmateva18.vcxproj", "{DC3797C5-BC59-4BD9-B3F3-B775994C7B64}"
EndProject
Global
	GlobalSection(SolutionConfigurationPlatforms) = preSolution
		Debug|x64 = Debug|x64
		Debug|x86 = Debug|x86
		Release|x64 = Release|x64
		Release|x86 = Release|x86
	EndGlobalSection
	GlobalSection(ProjectConfigurationPlatforms) = postSolution
		{AE2130C3-B22F-474D-A612-948CFF5187CB}.Debug|x64.ActiveCfg = Debug|x64
		{AE2130C3-B22F-474D-A612-948CFF5187CB}.Debug|x64.Build.0 = Debug|x64
		{AE2130C3-B22F-474D-A612-948CFF5187CB}.Debug|x86.ActiveCfg = Debug|Win32
		{AE2130C3-B22F-474D-A612-948CFF5187CB}.Debug|x86.Build.0 = Debug|Win32
		{AE2130C3-B22F-474D-A612-948CFF5187CB}.Release|x64.ActiveCfg = Release|x64
		{AE2130C3-B22F-474D-A612-948CFF5187CB}.Release|x64.Build.0 = Release|x64
		{AE2130C3-B22F-474D-A612-948CFF5187CB}.Release|x86.ActiveCfg = Release|Win32
		{AE2130C3-B22F-474D-A612-948CFF5187CB}.Release|x86.Build.0 = Release|Win32
		{DC3797C5-BC59-4BD9-B3F3-B775994C7B64}.Debug|x64.ActiveCfg = Debug|x64
		{DC3797C5-BC59-4BD9-B3F3-B775994C7B64}.Debug|x64.Build.0 = Debug|x64
		{DC3797C5-BC59-4BD9-B3F3-B775994C7B64}.Debug|x86.ActiveCfg = Debug|Win32
		{DC3797C5-BC59-4BD9-B3F3-B775994C7B64}.Debug|x86.Build.0 = Debug|Win32
		{DC3797C5-BC59-4BD9-B3F3-B775994C7B64}.Release|x64.ActiveCfg = Release|x64
		{DC3797C5-BC59-4BD9-B3F3-B775994C7B64}.Release|x64.Build.0 = Release|x64
		{DC3797C5-BC59-4BD9-B3F3-B775994C7B64}.Release|x86.ActiveCfg = Release|Win32
		{DC3797C5-BC59-4BD9-B3F3-B775994C7B64}.Release|x86.Build.0 = Release|Win32
	EndGlobalSection
	GlobalSection(SolutionProperties) = preSolution
		HideSolutionNode = FALSE
	EndGlobalSection
	GlobalSection(ExtensibilityGlobals) = postSolution
		SolutionGuid = {1F73E9B9-4295-45A3-A353-D9C164E633A7}
	EndGlobalSection
EndGlobal
