
Microsoft Visual Studio Solution File, Format Version 12.00
# Visual Studio Version 16
VisualStudioVersion = 16.0.31112.23
MinimumVisualStudioVersion = 10.0.40219.1
Project("{8BC9CEB8-8B4A-11D0-8D11-00A0C91BC942}") = "operators-pgeorgiev", "operators-pgeorgiev\operators-pgeorgiev.vcxproj", "{084675E1-A81C-45A5-A20B-8F4EB450E41B}"
EndProject
Project("{8BC9CEB8-8B4A-11D0-8D11-00A0C91BC942}") = "operators-emmateva18", "operators-emmateva18\operators-emmateva18.vcxproj", "{3C1C8002-2349-428C-AC37-B55B62E94775}"
EndProject
Global
	GlobalSection(SolutionConfigurationPlatforms) = preSolution
		Debug|x64 = Debug|x64
		Debug|x86 = Debug|x86
		Release|x64 = Release|x64
		Release|x86 = Release|x86
	EndGlobalSection
	GlobalSection(ProjectConfigurationPlatforms) = postSolution
		{084675E1-A81C-45A5-A20B-8F4EB450E41B}.Debug|x64.ActiveCfg = Debug|x64
		{084675E1-A81C-45A5-A20B-8F4EB450E41B}.Debug|x64.Build.0 = Debug|x64
		{084675E1-A81C-45A5-A20B-8F4EB450E41B}.Debug|x86.ActiveCfg = Debug|Win32
		{084675E1-A81C-45A5-A20B-8F4EB450E41B}.Debug|x86.Build.0 = Debug|Win32
		{084675E1-A81C-45A5-A20B-8F4EB450E41B}.Release|x64.ActiveCfg = Release|x64
		{084675E1-A81C-45A5-A20B-8F4EB450E41B}.Release|x64.Build.0 = Release|x64
		{084675E1-A81C-45A5-A20B-8F4EB450E41B}.Release|x86.ActiveCfg = Release|Win32
		{084675E1-A81C-45A5-A20B-8F4EB450E41B}.Release|x86.Build.0 = Release|Win32
		{3C1C8002-2349-428C-AC37-B55B62E94775}.Debug|x64.ActiveCfg = Debug|x64
		{3C1C8002-2349-428C-AC37-B55B62E94775}.Debug|x64.Build.0 = Debug|x64
		{3C1C8002-2349-428C-AC37-B55B62E94775}.Debug|x86.ActiveCfg = Debug|Win32
		{3C1C8002-2349-428C-AC37-B55B62E94775}.Debug|x86.Build.0 = Debug|Win32
		{3C1C8002-2349-428C-AC37-B55B62E94775}.Release|x64.ActiveCfg = Release|x64
		{3C1C8002-2349-428C-AC37-B55B62E94775}.Release|x64.Build.0 = Release|x64
		{3C1C8002-2349-428C-AC37-B55B62E94775}.Release|x86.ActiveCfg = Release|Win32
		{3C1C8002-2349-428C-AC37-B55B62E94775}.Release|x86.Build.0 = Release|Win32
	EndGlobalSection
	GlobalSection(SolutionProperties) = preSolution
		HideSolutionNode = FALSE
	EndGlobalSection
	GlobalSection(ExtensibilityGlobals) = postSolution
		SolutionGuid = {B2A0EEF0-1B78-44FD-A4B6-F1E2A7E1EA95}
	EndGlobalSection
EndGlobal
