
Microsoft Visual Studio Solution File, Format Version 12.00
# Visual Studio Version 16
VisualStudioVersion = 16.0.30413.136
MinimumVisualStudioVersion = 10.0.40219.1
Project("{8BC9CEB8-8B4A-11D0-8D11-00A0C91BC942}") = "alg-ex-10-13-CircularLinkedList-Library", "alg-ex-10-13-CircularLinkedList-Library\alg-ex-10-13-CircularLinkedList-Library.vcxproj", "{FF961B76-EA44-4869-B662-48E418B87141}"
EndProject
Project("{8BC9CEB8-8B4A-11D0-8D11-00A0C91BC942}") = "alg-ex-10-13-CircularLinkedList-main", "alg-ex-10-13-CircularLinkedList-main\alg-ex-10-13-CircularLinkedList-main.vcxproj", "{00CA29FA-A43A-42F3-98E8-BD4D08BDD2C1}"
EndProject
Global
	GlobalSection(SolutionConfigurationPlatforms) = preSolution
		Debug|x64 = Debug|x64
		Debug|x86 = Debug|x86
		Release|x64 = Release|x64
		Release|x86 = Release|x86
	EndGlobalSection
	GlobalSection(ProjectConfigurationPlatforms) = postSolution
		{FF961B76-EA44-4869-B662-48E418B87141}.Debug|x64.ActiveCfg = Debug|x64
		{FF961B76-EA44-4869-B662-48E418B87141}.Debug|x64.Build.0 = Debug|x64
		{FF961B76-EA44-4869-B662-48E418B87141}.Debug|x86.ActiveCfg = Debug|Win32
		{FF961B76-EA44-4869-B662-48E418B87141}.Debug|x86.Build.0 = Debug|Win32
		{FF961B76-EA44-4869-B662-48E418B87141}.Release|x64.ActiveCfg = Release|x64
		{FF961B76-EA44-4869-B662-48E418B87141}.Release|x64.Build.0 = Release|x64
		{FF961B76-EA44-4869-B662-48E418B87141}.Release|x86.ActiveCfg = Release|Win32
		{FF961B76-EA44-4869-B662-48E418B87141}.Release|x86.Build.0 = Release|Win32
		{00CA29FA-A43A-42F3-98E8-BD4D08BDD2C1}.Debug|x64.ActiveCfg = Debug|x64
		{00CA29FA-A43A-42F3-98E8-BD4D08BDD2C1}.Debug|x64.Build.0 = Debug|x64
		{00CA29FA-A43A-42F3-98E8-BD4D08BDD2C1}.Debug|x86.ActiveCfg = Debug|Win32
		{00CA29FA-A43A-42F3-98E8-BD4D08BDD2C1}.Debug|x86.Build.0 = Debug|Win32
		{00CA29FA-A43A-42F3-98E8-BD4D08BDD2C1}.Release|x64.ActiveCfg = Release|x64
		{00CA29FA-A43A-42F3-98E8-BD4D08BDD2C1}.Release|x64.Build.0 = Release|x64
		{00CA29FA-A43A-42F3-98E8-BD4D08BDD2C1}.Release|x86.ActiveCfg = Release|Win32
		{00CA29FA-A43A-42F3-98E8-BD4D08BDD2C1}.Release|x86.Build.0 = Release|Win32
	EndGlobalSection
	GlobalSection(SolutionProperties) = preSolution
		HideSolutionNode = FALSE
	EndGlobalSection
	GlobalSection(ExtensibilityGlobals) = postSolution
		SolutionGuid = {63D8FEBF-1463-45DA-818A-A416FB96914C}
	EndGlobalSection
EndGlobal
